
Microsoft Visual Studio Solution File, Format Version 12.00
# Visual Studio for Mac
Project("{FAE04EC0-301F-11D3-BF4B-00C04F79EFBC}") = "Assembly-CSharp", "Assembly-CSharp.csproj", "{0DC57188-1076-0F53-92AA-08969246D301}"
EndProject
Project("{FAE04EC0-301F-11D3-BF4B-00C04F79EFBC}") = "Assembly-CSharp-Editor", "Assembly-CSharp-Editor.csproj", "{74FB537D-1F5C-848D-D0BD-5B209523CA4E}"
EndProject
Global
	GlobalSection(SolutionConfigurationPlatforms) = preSolution
		Debug|Any CPU = Debug|Any CPU
		Release|Any CPU = Release|Any CPU
	EndGlobalSection
	GlobalSection(ProjectConfigurationPlatforms) = postSolution
		{0DC57188-1076-0F53-92AA-08969246D301}.Debug|Any CPU.ActiveCfg = Debug|Any CPU
		{0DC57188-1076-0F53-92AA-08969246D301}.Debug|Any CPU.Build.0 = Debug|Any CPU
		{0DC57188-1076-0F53-92AA-08969246D301}.Release|Any CPU.ActiveCfg = Release|Any CPU
		{0DC57188-1076-0F53-92AA-08969246D301}.Release|Any CPU.Build.0 = Release|Any CPU
		{74FB537D-1F5C-848D-D0BD-5B209523CA4E}.Debug|Any CPU.ActiveCfg = Debug|Any CPU
		{74FB537D-1F5C-848D-D0BD-5B209523CA4E}.Debug|Any CPU.Build.0 = Debug|Any CPU
		{74FB537D-1F5C-848D-D0BD-5B209523CA4E}.Release|Any CPU.ActiveCfg = Release|Any CPU
		{74FB537D-1F5C-848D-D0BD-5B209523CA4E}.Release|Any CPU.Build.0 = Release|Any CPU
	EndGlobalSection
	GlobalSection(SolutionProperties) = preSolution
		HideSolutionNode = FALSE
	EndGlobalSection
EndGlobal
